
Microsoft Visual Studio Solution File, Format Version 12.00
# Visual Studio Version 17
VisualStudioVersion = 17.7.34031.279
MinimumVisualStudioVersion = 10.0.40219.1
Project("{FAE04EC0-301F-11D3-BF4B-00C04F79EFBC}") = "ModuloAPI", "ModuloAPI.csproj", "{0B5A0146-BF51-474E-86F6-56E63FDFB372}"
EndProject
Global
	GlobalSection(SolutionConfigurationPlatforms) = preSolution
		Debug|Any CPU = Debug|Any CPU
		Release|Any CPU = Release|Any CPU
	EndGlobalSection
	GlobalSection(ProjectConfigurationPlatforms) = postSolution
		{0B5A0146-BF51-474E-86F6-56E63FDFB372}.Debug|Any CPU.ActiveCfg = Debug|Any CPU
		{0B5A0146-BF51-474E-86F6-56E63FDFB372}.Debug|Any CPU.Build.0 = Debug|Any CPU
		{0B5A0146-BF51-474E-86F6-56E63FDFB372}.Release|Any CPU.ActiveCfg = Release|Any CPU
		{0B5A0146-BF51-474E-86F6-56E63FDFB372}.Release|Any CPU.Build.0 = Release|Any CPU
	EndGlobalSection
	GlobalSection(SolutionProperties) = preSolution
		HideSolutionNode = FALSE
	EndGlobalSection
	GlobalSection(ExtensibilityGlobals) = postSolution
		SolutionGuid = {14FF9017-51B6-4C71-A6C7-0D0B7D54A6C5}
	EndGlobalSection
EndGlobal
